
Microsoft Visual Studio Solution File, Format Version 12.00
# Visual Studio 14
VisualStudioVersion = 14.0.25123.0
MinimumVisualStudioVersion = 10.0.40219.1
Project("{FAE04EC0-301F-11D3-BF4B-00C04F79EFBC}") = "Bai38", "Bai38\Bai38.csproj", "{264B7B01-7501-49CB-A3C0-DEE32B55B3B9}"
EndProject
Global
	GlobalSection(SolutionConfigurationPlatforms) = preSolution
		Debug|Any CPU = Debug|Any CPU
		Release|Any CPU = Release|Any CPU
	EndGlobalSection
	GlobalSection(ProjectConfigurationPlatforms) = postSolution
		{264B7B01-7501-49CB-A3C0-DEE32B55B3B9}.Debug|Any CPU.ActiveCfg = Debug|Any CPU
		{264B7B01-7501-49CB-A3C0-DEE32B55B3B9}.Debug|Any CPU.Build.0 = Debug|Any CPU
		{264B7B01-7501-49CB-A3C0-DEE32B55B3B9}.Release|Any CPU.ActiveCfg = Release|Any CPU
		{264B7B01-7501-49CB-A3C0-DEE32B55B3B9}.Release|Any CPU.Build.0 = Release|Any CPU
	EndGlobalSection
	GlobalSection(SolutionProperties) = preSolution
		HideSolutionNode = FALSE
	EndGlobalSection
EndGlobal
